// !$*UTF8*$!
{
	archiveVersion = 1;
	classes = {
	};
	objectVersion = 50;
	objects = {

/* Begin PBXBuildFile section */
		2C8893512647B4A9000E8643 /* AppDelegate.swift in Sources */ = {isa = PBXBuildFile; fileRef = 2C8893502647B4A9000E8643 /* AppDelegate.swift */; };
		2C8893542647B4A9000E8643 /* QuranApp.xcdatamodeld in Sources */ = {isa = PBXBuildFile; fileRef = 2C8893522647B4A9000E8643 /* QuranApp.xcdatamodeld */; };
		2C8893562647B4A9000E8643 /* SceneDelegate.swift in Sources */ = {isa = PBXBuildFile; fileRef = 2C8893552647B4A9000E8643 /* SceneDelegate.swift */; };
		2C8893582647B4A9000E8643 /* MasterViewController.swift in Sources */ = {isa = PBXBuildFile; fileRef = 2C8893572647B4A9000E8643 /* MasterViewController.swift */; };
		2C88935A2647B4A9000E8643 /* DetailViewController.swift in Sources */ = {isa = PBXBuildFile; fileRef = 2C8893592647B4A9000E8643 /* DetailViewController.swift */; };
		2C88935D2647B4A9000E8643 /* Main.storyboard in Resources */ = {isa = PBXBuildFile; fileRef = 2C88935B2647B4A9000E8643 /* Main.storyboard */; };
		2C88935F2647B4AB000E8643 /* Assets.xcassets in Resources */ = {isa = PBXBuildFile; fileRef = 2C88935E2647B4AB000E8643 /* Assets.xcassets */; };
		2C8893622647B4AB000E8643 /* LaunchScreen.storyboard in Resources */ = {isa = PBXBuildFile; fileRef = 2C8893602647B4AB000E8643 /* LaunchScreen.storyboard */; };
/* End PBXBuildFile section */

/* Begin PBXFileReference section */
		2C88934D2647B4A9000E8643 /* QuranApp.app */ = {isa = PBXFileReference; explicitFileType = wrapper.application; includeInIndex = 0; path = QuranApp.app; sourceTree = BUILT_PRODUCTS_DIR; };
		2C8893502647B4A9000E8643 /* AppDelegate.swift */ = {isa = PBXFileReference; lastKnownFileType = sourcecode.swift; path = AppDelegate.swift; sourceTree = "<group>"; };
		2C8893532647B4A9000E8643 /* QuranApp.xcdatamodel */ = {isa = PBXFileReference; lastKnownFileType = wrapper.xcdatamodel; path = QuranApp.xcdatamodel; sourceTree = "<group>"; };
		2C8893552647B4A9000E8643 /* SceneDelegate.swift */ = {isa = PBXFileReference; lastKnownFileType = sourcecode.swift; path = SceneDelegate.swift; sourceTree = "<group>"; };
		2C8893572647B4A9000E8643 /* MasterViewController.swift */ = {isa = PBXFileReference; lastKnownFileType = sourcecode.swift; path = MasterViewController.swift; sourceTree = "<group>"; };
		2C8893592647B4A9000E8643 /* DetailViewController.swift */ = {isa = PBXFileReference; lastKnownFileType = sourcecode.swift; path = DetailViewController.swift; sourceTree = "<group>"; };
		2C88935C2647B4A9000E8643 /* Base */ = {isa = PBXFileReference; lastKnownFileType = file.storyboard; name = Base; path = Base.lproj/Main.storyboard; sourceTree = "<group>"; };
		2C88935E2647B4AB000E8643 /* Assets.xcassets */ = {isa = PBXFileReference; lastKnownFileType = folder.assetcatalog; path = Assets.xcassets; sourceTree = "<group>"; };
		2C8893612647B4AB000E8643 /* Base */ = {isa = PBXFileReference; lastKnownFileType = file.storyboard; name = Base; path = Base.lproj/LaunchScreen.storyboard; sourceTree = "<group>"; };
		2C8893632647B4AB000E8643 /* Info.plist */ = {isa = PBXFileReference; lastKnownFileType = text.plist.xml; path = Info.plist; sourceTree = "<group>"; };
/* End PBXFileReference section */

/* Begin PBXFrameworksBuildPhase section */
		2C88934A2647B4A9000E8643 /* Frameworks */ = {
			isa = PBXFrameworksBuildPhase;
			buildActionMask = 2147483647;
			files = (
			);
			runOnlyForDeploymentPostprocessing = 0;
		};
/* End PBXFrameworksBuildPhase section */

/* Begin PBXGroup section */
		2C8893442647B4A8000E8643 = {
			isa = PBXGroup;
			children = (
				2C88934F2647B4A9000E8643 /* QuranApp */,
				2C88934E2647B4A9000E8643 /* Products */,
			);
			sourceTree = "<group>";
		};
		2C88934E2647B4A9000E8643 /* Products */ = {
			isa = PBXGroup;
			children = (
				2C88934D2647B4A9000E8643 /* QuranApp.app */,
			);
			name = Products;
			sourceTree = "<group>";
		};
		2C88934F2647B4A9000E8643 /* QuranApp */ = {
			isa = PBXGroup;
			children = (
				2C8893502647B4A9000E8643 /* AppDelegate.swift */,
				2C8893552647B4A9000E8643 /* SceneDelegate.swift */,
				2C8893572647B4A9000E8643 /* MasterViewController.swift */,
				2C8893592647B4A9000E8643 /* DetailViewController.swift */,
				2C88935B2647B4A9000E8643 /* Main.storyboard */,
				2C88935E2647B4AB000E8643 /* Assets.xcassets */,
				2C8893602647B4AB000E8643 /* LaunchScreen.storyboard */,
				2C8893632647B4AB000E8643 /* Info.plist */,
				2C8893522647B4A9000E8643 /* QuranApp.xcdatamodeld */,
			);
			path = QuranApp;
			sourceTree = "<group>";
		};
/* End PBXGroup section */

/* Begin PBXNativeTarget section */
		2C88934C2647B4A9000E8643 /* QuranApp */ = {
			isa = PBXNativeTarget;
			buildConfigurationList = 2C8893662647B4AB000E8643 /* Build configuration list for PBXNativeTarget "QuranApp" */;
			buildPhases = (
				2C8893492647B4A9000E8643 /* Sources */,
				2C88934A2647B4A9000E8643 /* Frameworks */,
				2C88934B2647B4A9000E8643 /* Resources */,
			);
			buildRules = (
			);
			dependencies = (
			);
			name = QuranApp;
			productName = QuranApp;
			productReference = 2C88934D2647B4A9000E8643 /* QuranApp.app */;
			productType = "com.apple.product-type.application";
		};
/* End PBXNativeTarget section */

/* Begin PBXProject section */
		2C8893452647B4A8000E8643 /* Project object */ = {
			isa = PBXProject;
			attributes = {
				LastSwiftUpdateCheck = 1150;
				LastUpgradeCheck = 1150;
				ORGANIZATIONNAME = "Khaled Guedria";
				TargetAttributes = {
					2C88934C2647B4A9000E8643 = {
						CreatedOnToolsVersion = 11.5;
					};
				};
			};
			buildConfigurationList = 2C8893482647B4A8000E8643 /* Build configuration list for PBXProject "QuranApp" */;
			compatibilityVersion = "Xcode 9.3";
			developmentRegion = en;
			hasScannedForEncodings = 0;
			knownRegions = (
				en,
				Base,
			);
			mainGroup = 2C8893442647B4A8000E8643;
			productRefGroup = 2C88934E2647B4A9000E8643 /* Products */;
			projectDirPath = "";
			projectRoot = "";
			targets = (
				2C88934C2647B4A9000E8643 /* QuranApp */,
			);
		};
/* End PBXProject section */

/* Begin PBXResourcesBuildPhase section */
		2C88934B2647B4A9000E8643 /* Resources */ = {
			isa = PBXResourcesBuildPhase;
			buildActionMask = 2147483647;
			files = (
				2C8893622647B4AB000E8643 /* LaunchScreen.storyboard in Resources */,
				2C88935F2647B4AB000E8643 /* Assets.xcassets in Resources */,
				2C88935D2647B4A9000E8643 /* Main.storyboard in Resources */,
			);
			runOnlyForDeploymentPostprocessing = 0;
		};
/* End PBXResourcesBuildPhase section */

/* Begin PBXSourcesBuildPhase section */
		2C8893492647B4A9000E8643 /* Sources */ = {
			isa = PBXSourcesBuildPhase;
			buildActionMask = 2147483647;
			files = (
				2C8893582647B4A9000E8643 /* MasterViewController.swift in Sources */,
				2C8893512647B4A9000E8643 /* AppDelegate.swift in Sources */,
				2C88935A2647B4A9000E8643 /* DetailViewController.swift in Sources */,
				2C8893542647B4A9000E8643 /* QuranApp.xcdatamodeld in Sources */,
				2C8893562647B4A9000E8643 /* SceneDelegate.swift in Sources */,
			);
			runOnlyForDeploymentPostprocessing = 0;
		};
/* End PBXSourcesBuildPhase section */

/* Begin PBXVariantGroup section */
		2C88935B2647B4A9000E8643 /* Main.storyboard */ = {
			isa = PBXVariantGroup;
			children = (
				2C88935C2647B4A9000E8643 /* Base */,
			);
			name = Main.storyboard;
			sourceTree = "<group>";
		};
		2C8893602647B4AB000E8643 /* LaunchScreen.storyboard */ = {
			isa = PBXVariantGroup;
			children = (
				2C8893612647B4AB000E8643 /* Base */,
			);
			name = LaunchScreen.storyboard;
			sourceTree = "<group>";
		};
/* End PBXVariantGroup section */

/* Begin XCBuildConfiguration section */
		2C8893642647B4AB000E8643 /* Debug */ = {
			isa = XCBuildConfiguration;
			buildSettings = {
				ALWAYS_SEARCH_USER_PATHS = NO;
				CLANG_ANALYZER_NONNULL = YES;
				CLANG_ANALYZER_NUMBER_OBJECT_CONVERSION = YES_AGGRESSIVE;
				CLANG_CXX_LANGUAGE_STANDARD = "gnu++14";
				CLANG_CXX_LIBRARY = "libc++";
				CLANG_ENABLE_MODULES = YES;
				CLANG_ENABLE_OBJC_ARC = YES;
				CLANG_ENABLE_OBJC_WEAK = YES;
				CLANG_WARN_BLOCK_CAPTURE_AUTORELEASING = YES;
				CLANG_WARN_BOOL_CONVERSION = YES;
				CLANG_WARN_COMMA = YES;
				CLANG_WARN_CONSTANT_CONVERSION = YES;
				CLANG_WARN_DEPRECATED_OBJC_IMPLEMENTATIONS = YES;
				CLANG_WARN_DIRECT_OBJC_ISA_USAGE = YES_ERROR;
				CLANG_WARN_DOCUMENTATION_COMMENTS = YES;
				CLANG_WARN_EMPTY_BODY = YES;
				CLANG_WARN_ENUM_CONVERSION = YES;
				CLANG_WARN_INFINITE_RECURSION = YES;
				CLANG_WARN_INT_CONVERSION = YES;
				CLANG_WARN_NON_LITERAL_NULL_CONVERSION = YES;
				CLANG_WARN_OBJC_IMPLICIT_RETAIN_SELF = YES;
				CLANG_WARN_OBJC_LITERAL_CONVERSION = YES;
				CLANG_WARN_OBJC_ROOT_CLASS = YES_ERROR;
				CLANG_WARN_RANGE_LOOP_ANALYSIS = YES;
				CLANG_WARN_STRICT_PROTOTYPES = YES;
				CLANG_WARN_SUSPICIOUS_MOVE = YES;
				CLANG_WARN_UNGUARDED_AVAILABILITY = YES_AGGRESSIVE;
				CLANG_WARN_UNREACHABLE_CODE = YES;
				CLANG_WARN__DUPLICATE_METHOD_MATCH = YES;
				COPY_PHASE_STRIP = NO;
				DEBUG_INFORMATION_FORMAT = dwarf;
				ENABLE_STRICT_OBJC_MSGSEND = YES;
				ENABLE_TESTABILITY = YES;
				GCC_C_LANGUAGE_STANDARD = gnu11;
				GCC_DYNAMIC_NO_PIC = NO;
				GCC_NO_COMMON_BLOCKS = YES;
				GCC_OPTIMIZATION_LEVEL = 0;
				GCC_PREPROCESSOR_DEFINITIONS = (
					"DEBUG=1",
					"$(inherited)",
				);
				GCC_WARN_64_TO_32_BIT_CONVERSION = YES;
				GCC_WARN_ABOUT_RETURN_TYPE = YES_ERROR;
				GCC_WARN_UNDECLARED_SELECTOR = YES;
				GCC_WARN_UNINITIALIZED_AUTOS = YES_AGGRESSIVE;
				GCC_WARN_UNUSED_FUNCTION = YES;
				GCC_WARN_UNUSED_VARIABLE = YES;
				IPHONEOS_DEPLOYMENT_TARGET = 13.5;
				MTL_ENABLE_DEBUG_INFO = INCLUDE_SOURCE;
				MTL_FAST_MATH = YES;
				ONLY_ACTIVE_ARCH = YES;
				SDKROOT = iphoneos;
				SWIFT_ACTIVE_COMPILATION_CONDITIONS = DEBUG;
				SWIFT_OPTIMIZATION_LEVEL = "-Onone";
			};
			name = Debug;
		};
		2C8893652647B4AB000E8643 /* Release */ = {
			isa = XCBuildConfiguration;
			buildSettings = {
				ALWAYS_SEARCH_USER_PATHS = NO;
				CLANG_ANALYZER_NONNULL = YES;
				CLANG_ANALYZER_NUMBER_OBJECT_CONVERSION = YES_AGGRESSIVE;
				CLANG_CXX_LANGUAGE_STANDARD = "gnu++14";
				CLANG_CXX_LIBRARY = "libc++";
				CLANG_ENABLE_MODULES = YES;
				CLANG_ENABLE_OBJC_ARC = YES;
				CLANG_ENABLE_OBJC_WEAK = YES;
				CLANG_WARN_BLOCK_CAPTURE_AUTORELEASING = YES;
				CLANG_WARN_BOOL_CONVERSION = YES;
				CLANG_WARN_COMMA = YES;
				CLANG_WARN_CONSTANT_CONVERSION = YES;
				CLANG_WARN_DEPRECATED_OBJC_IMPLEMENTATIONS = YES;
				CLANG_WARN_DIRECT_OBJC_ISA_USAGE = YES_ERROR;
				CLANG_WARN_DOCUMENTATION_COMMENTS = YES;
				CLANG_WARN_EMPTY_BODY = YES;
				CLANG_WARN_ENUM_CONVERSION = YES;
				CLANG_WARN_INFINITE_RECURSION = YES;
				CLANG_WARN_INT_CONVERSION = YES;
				CLANG_WARN_NON_LITERAL_NULL_CONVERSION = YES;
				CLANG_WARN_OBJC_IMPLICIT_RETAIN_SELF = YES;
				CLANG_WARN_OBJC_LITERAL_CONVERSION = YES;
				CLANG_WARN_OBJC_ROOT_CLASS = YES_ERROR;
				CLANG_WARN_RANGE_LOOP_ANALYSIS = YES;
				CLANG_WARN_STRICT_PROTOTYPES = YES;
				CLANG_WARN_SUSPICIOUS_MOVE = YES;
				CLANG_WARN_UNGUARDED_AVAILABILITY = YES_AGGRESSIVE;
				CLANG_WARN_UNREACHABLE_CODE = YES;
				CLANG_WARN__DUPLICATE_METHOD_MATCH = YES;
				COPY_PHASE_STRIP = NO;
				DEBUG_INFORMATION_FORMAT = "dwarf-with-dsym";
				ENABLE_NS_ASSERTIONS = NO;
				ENABLE_STRICT_OBJC_MSGSEND = YES;
				GCC_C_LANGUAGE_STANDARD = gnu11;
				GCC_NO_COMMON_BLOCKS = YES;
				GCC_WARN_64_TO_32_BIT_CONVERSION = YES;
				GCC_WARN_ABOUT_RETURN_TYPE = YES_ERROR;
				GCC_WARN_UNDECLARED_SELECTOR = YES;
				GCC_WARN_UNINITIALIZED_AUTOS = YES_AGGRESSIVE;
				GCC_WARN_UNUSED_FUNCTION = YES;
				GCC_WARN_UNUSED_VARIABLE = YES;
				IPHONEOS_DEPLOYMENT_TARGET = 13.5;
				MTL_ENABLE_DEBUG_INFO = NO;
				MTL_FAST_MATH = YES;
				SDKROOT = iphoneos;
				SWIFT_COMPILATION_MODE = wholemodule;
				SWIFT_OPTIMIZATION_LEVEL = "-O";
				VALIDATE_PRODUCT = YES;
			};
			name = Release;
		};
		2C8893672647B4AB000E8643 /* Debug */ = {
			isa = XCBuildConfiguration;
			buildSettings = {
				ASSETCATALOG_COMPILER_APPICON_NAME = AppIcon;
				CODE_SIGN_STYLE = Automatic;
				DEVELOPMENT_TEAM = NW72MB6628;
				INFOPLIST_FILE = QuranApp/Info.plist;
				LD_RUNPATH_SEARCH_PATHS = (
					"$(inherited)",
					"@executable_path/Frameworks",
				);
				PRODUCT_BUNDLE_IDENTIFIER = com.fingerbreaker.QuranApp;
				PRODUCT_NAME = "$(TARGET_NAME)";
				SWIFT_VERSION = 5.0;
				TARGETED_DEVICE_FAMILY = "1,2";
			};
			name = Debug;
		};
		2C8893682647B4AB000E8643 /* Release */ = {
			isa = XCBuildConfiguration;
			buildSettings = {
				ASSETCATALOG_COMPILER_APPICON_NAME = AppIcon;
				CODE_SIGN_STYLE = Automatic;
				DEVELOPMENT_TEAM = NW72MB6628;
				INFOPLIST_FILE = QuranApp/Info.plist;
				LD_RUNPATH_SEARCH_PATHS = (
					"$(inherited)",
					"@executable_path/Frameworks",
				);
				PRODUCT_BUNDLE_IDENTIFIER = com.fingerbreaker.QuranApp;
				PRODUCT_NAME = "$(TARGET_NAME)";
				SWIFT_VERSION = 5.0;
				TARGETED_DEVICE_FAMILY = "1,2";
			};
			name = Release;
		};
/* End XCBuildConfiguration section */

/* Begin XCConfigurationList section */
		2C8893482647B4A8000E8643 /* Build configuration list for PBXProject "QuranApp" */ = {
			isa = XCConfigurationList;
			buildConfigurations = (
				2C8893642647B4AB000E8643 /* Debug */,
				2C8893652647B4AB000E8643 /* Release */,
			);
			defaultConfigurationIsVisible = 0;
			defaultConfigurationName = Release;
		};
		2C8893662647B4AB000E8643 /* Build configuration list for PBXNativeTarget "QuranApp" */ = {
			isa = XCConfigurationList;
			buildConfigurations = (
				2C8893672647B4AB000E8643 /* Debug */,
				2C8893682647B4AB000E8643 /* Release */,
			);
			defaultConfigurationIsVisible = 0;
			defaultConfigurationName = Release;
		};
/* End XCConfigurationList section */

/* Begin XCVersionGroup section */
		2C8893522647B4A9000E8643 /* QuranApp.xcdatamodeld */ = {
			isa = XCVersionGroup;
			children = (
				2C8893532647B4A9000E8643 /* QuranApp.xcdatamodel */,
			);
			currentVersion = 2C8893532647B4A9000E8643 /* QuranApp.xcdatamodel */;
			path = QuranApp.xcdatamodeld;
			sourceTree = "<group>";
			versionGroupType = wrapper.xcdatamodel;
		};
/* End XCVersionGroup section */
	};
	rootObject = 2C8893452647B4A8000E8643 /* Project object */;
}
